// !$*UTF8*$!
{
	archiveVersion = 1;
	classes = {
	};
	objectVersion = 56;
	objects = {

/* Begin PBXBuildFile section */
		7B1B7ED72C41B0F000ED31BD /* TodoListApp.swift in Sources */ = {isa = PBXBuildFile; fileRef = 7B1B7ED62C41B0F000ED31BD /* TodoListApp.swift */; };
		7B1B7ED92C41B0F000ED31BD /* MainView.swift in Sources */ = {isa = PBXBuildFile; fileRef = 7B1B7ED82C41B0F000ED31BD /* MainView.swift */; };
		7B1B7EDB2C41B0F100ED31BD /* Assets.xcassets in Resources */ = {isa = PBXBuildFile; fileRef = 7B1B7EDA2C41B0F100ED31BD /* Assets.xcassets */; };
		7B1B7EDE2C41B0F100ED31BD /* Preview Assets.xcassets in Resources */ = {isa = PBXBuildFile; fileRef = 7B1B7EDD2C41B0F100ED31BD /* Preview Assets.xcassets */; };
		7B1B7EE82C41B67000ED31BD /* FirebaseAuth in Frameworks */ = {isa = PBXBuildFile; productRef = 7B1B7EE72C41B67000ED31BD /* FirebaseAuth */; };
		7B1B7EEA2C41B67000ED31BD /* FirebaseFirestore in Frameworks */ = {isa = PBXBuildFile; productRef = 7B1B7EE92C41B67000ED31BD /* FirebaseFirestore */; };
		7B1B7EEC2C41B67000ED31BD /* FirebaseFirestoreSwift in Frameworks */ = {isa = PBXBuildFile; productRef = 7B1B7EEB2C41B67000ED31BD /* FirebaseFirestoreSwift */; };
		7B1B7EF72C41B9E100ED31BD /* GoogleService-Info.plist in Resources */ = {isa = PBXBuildFile; fileRef = 7B1B7EF62C41B9E100ED31BD /* GoogleService-Info.plist */; };
		7B1B7EF92C41BAF300ED31BD /* ProfileView.swift in Sources */ = {isa = PBXBuildFile; fileRef = 7B1B7EF82C41BAF300ED31BD /* ProfileView.swift */; };
		7B1B7EFB2C41BB0C00ED31BD /* TodoListView.swift in Sources */ = {isa = PBXBuildFile; fileRef = 7B1B7EFA2C41BB0C00ED31BD /* TodoListView.swift */; };
		7B1B7EFD2C41BB1500ED31BD /* NewItemView.swift in Sources */ = {isa = PBXBuildFile; fileRef = 7B1B7EFC2C41BB1500ED31BD /* NewItemView.swift */; };
		7B1B7EFF2C41BB2600ED31BD /* LoginView.swift in Sources */ = {isa = PBXBuildFile; fileRef = 7B1B7EFE2C41BB2600ED31BD /* LoginView.swift */; };
		7B1B7F012C41BB3600ED31BD /* RegisterView.swift in Sources */ = {isa = PBXBuildFile; fileRef = 7B1B7F002C41BB3600ED31BD /* RegisterView.swift */; };
		7B1B7F032C41BB8D00ED31BD /* TodoListItemView.swift in Sources */ = {isa = PBXBuildFile; fileRef = 7B1B7F022C41BB8D00ED31BD /* TodoListItemView.swift */; };
		7B1B7F052C41BC0B00ED31BD /* User.swift in Sources */ = {isa = PBXBuildFile; fileRef = 7B1B7F042C41BC0B00ED31BD /* User.swift */; };
		7B1B7F072C41BC1400ED31BD /* TodoListItem.swift in Sources */ = {isa = PBXBuildFile; fileRef = 7B1B7F062C41BC1400ED31BD /* TodoListItem.swift */; };
		7B1B7F092C41BC3500ED31BD /* MainViewViewModel.swift in Sources */ = {isa = PBXBuildFile; fileRef = 7B1B7F082C41BC3500ED31BD /* MainViewViewModel.swift */; };
		7B1B7F0B2C41BC3C00ED31BD /* ProfileViewViewModel.swift in Sources */ = {isa = PBXBuildFile; fileRef = 7B1B7F0A2C41BC3C00ED31BD /* ProfileViewViewModel.swift */; };
		7B1B7F0D2C41BC4300ED31BD /* TodoListViewViewModel.swift in Sources */ = {isa = PBXBuildFile; fileRef = 7B1B7F0C2C41BC4300ED31BD /* TodoListViewViewModel.swift */; };
		7B1B7F0F2C41BC4A00ED31BD /* TodoListItemViewModel.swift in Sources */ = {isa = PBXBuildFile; fileRef = 7B1B7F0E2C41BC4A00ED31BD /* TodoListItemViewModel.swift */; };
		7B1B7F112C41BC5500ED31BD /* LoginViewViewModel.swift in Sources */ = {isa = PBXBuildFile; fileRef = 7B1B7F102C41BC5500ED31BD /* LoginViewViewModel.swift */; };
		7B1B7F132C41BC6400ED31BD /* RegisterViewViewModel.swift in Sources */ = {isa = PBXBuildFile; fileRef = 7B1B7F122C41BC6400ED31BD /* RegisterViewViewModel.swift */; };
		7B1B7F152C41BC7000ED31BD /* NewItemViewViewModel.swift in Sources */ = {isa = PBXBuildFile; fileRef = 7B1B7F142C41BC7000ED31BD /* NewItemViewViewModel.swift */; };
		7B1B7F172C41BEEF00ED31BD /* HeaderView.swift in Sources */ = {isa = PBXBuildFile; fileRef = 7B1B7F162C41BEEF00ED31BD /* HeaderView.swift */; };
		7BB587C22C4240FA007F6EB7 /* TLButton.swift in Sources */ = {isa = PBXBuildFile; fileRef = 7BB587C12C4240FA007F6EB7 /* TLButton.swift */; };
		7BB587C42C4315CC007F6EB7 /* Extensions.swift in Sources */ = {isa = PBXBuildFile; fileRef = 7BB587C32C4315CC007F6EB7 /* Extensions.swift */; };
		7BF033E12C478CBA00CF9821 /* Launch Screen.storyboard in Resources */ = {isa = PBXBuildFile; fileRef = 7BF033E02C478CBA00CF9821 /* Launch Screen.storyboard */; };
/* End PBXBuildFile section */

/* Begin PBXFileReference section */
		7B1B7ED32C41B0F000ED31BD /* TodoList.app */ = {isa = PBXFileReference; explicitFileType = wrapper.application; includeInIndex = 0; path = TodoList.app; sourceTree = BUILT_PRODUCTS_DIR; };
		7B1B7ED62C41B0F000ED31BD /* TodoListApp.swift */ = {isa = PBXFileReference; lastKnownFileType = sourcecode.swift; path = TodoListApp.swift; sourceTree = "<group>"; };
		7B1B7ED82C41B0F000ED31BD /* MainView.swift */ = {isa = PBXFileReference; lastKnownFileType = sourcecode.swift; path = MainView.swift; sourceTree = "<group>"; };
		7B1B7EDA2C41B0F100ED31BD /* Assets.xcassets */ = {isa = PBXFileReference; lastKnownFileType = folder.assetcatalog; path = Assets.xcassets; sourceTree = "<group>"; };
		7B1B7EDD2C41B0F100ED31BD /* Preview Assets.xcassets */ = {isa = PBXFileReference; lastKnownFileType = folder.assetcatalog; path = "Preview Assets.xcassets"; sourceTree = "<group>"; };
		7B1B7EF62C41B9E100ED31BD /* GoogleService-Info.plist */ = {isa = PBXFileReference; fileEncoding = 4; lastKnownFileType = text.plist.xml; name = "GoogleService-Info.plist"; path = "../../../GoogleService-Info.plist"; sourceTree = "<group>"; };
		7B1B7EF82C41BAF300ED31BD /* ProfileView.swift */ = {isa = PBXFileReference; lastKnownFileType = sourcecode.swift; path = ProfileView.swift; sourceTree = "<group>"; };
		7B1B7EFA2C41BB0C00ED31BD /* TodoListView.swift */ = {isa = PBXFileReference; lastKnownFileType = sourcecode.swift; path = TodoListView.swift; sourceTree = "<group>"; };
		7B1B7EFC2C41BB1500ED31BD /* NewItemView.swift */ = {isa = PBXFileReference; lastKnownFileType = sourcecode.swift; path = NewItemView.swift; sourceTree = "<group>"; };
		7B1B7EFE2C41BB2600ED31BD /* LoginView.swift */ = {isa = PBXFileReference; lastKnownFileType = sourcecode.swift; path = LoginView.swift; sourceTree = "<group>"; };
		7B1B7F002C41BB3600ED31BD /* RegisterView.swift */ = {isa = PBXFileReference; lastKnownFileType = sourcecode.swift; path = RegisterView.swift; sourceTree = "<group>"; };
		7B1B7F022C41BB8D00ED31BD /* TodoListItemView.swift */ = {isa = PBXFileReference; lastKnownFileType = sourcecode.swift; path = TodoListItemView.swift; sourceTree = "<group>"; };
		7B1B7F042C41BC0B00ED31BD /* User.swift */ = {isa = PBXFileReference; lastKnownFileType = sourcecode.swift; path = User.swift; sourceTree = "<group>"; };
		7B1B7F062C41BC1400ED31BD /* TodoListItem.swift */ = {isa = PBXFileReference; lastKnownFileType = sourcecode.swift; path = TodoListItem.swift; sourceTree = "<group>"; };
		7B1B7F082C41BC3500ED31BD /* MainViewViewModel.swift */ = {isa = PBXFileReference; lastKnownFileType = sourcecode.swift; path = MainViewViewModel.swift; sourceTree = "<group>"; };
		7B1B7F0A2C41BC3C00ED31BD /* ProfileViewViewModel.swift */ = {isa = PBXFileReference; lastKnownFileType = sourcecode.swift; path = ProfileViewViewModel.swift; sourceTree = "<group>"; };
		7B1B7F0C2C41BC4300ED31BD /* TodoListViewViewModel.swift */ = {isa = PBXFileReference; lastKnownFileType = sourcecode.swift; path = TodoListViewViewModel.swift; sourceTree = "<group>"; };
		7B1B7F0E2C41BC4A00ED31BD /* TodoListItemViewModel.swift */ = {isa = PBXFileReference; lastKnownFileType = sourcecode.swift; path = TodoListItemViewModel.swift; sourceTree = "<group>"; };
		7B1B7F102C41BC5500ED31BD /* LoginViewViewModel.swift */ = {isa = PBXFileReference; lastKnownFileType = sourcecode.swift; path = LoginViewViewModel.swift; sourceTree = "<group>"; };
		7B1B7F122C41BC6400ED31BD /* RegisterViewViewModel.swift */ = {isa = PBXFileReference; lastKnownFileType = sourcecode.swift; path = RegisterViewViewModel.swift; sourceTree = "<group>"; };
		7B1B7F142C41BC7000ED31BD /* NewItemViewViewModel.swift */ = {isa = PBXFileReference; lastKnownFileType = sourcecode.swift; path = NewItemViewViewModel.swift; sourceTree = "<group>"; };
		7B1B7F162C41BEEF00ED31BD /* HeaderView.swift */ = {isa = PBXFileReference; lastKnownFileType = sourcecode.swift; path = HeaderView.swift; sourceTree = "<group>"; };
		7BB587C12C4240FA007F6EB7 /* TLButton.swift */ = {isa = PBXFileReference; lastKnownFileType = sourcecode.swift; path = TLButton.swift; sourceTree = "<group>"; };
		7BB587C32C4315CC007F6EB7 /* Extensions.swift */ = {isa = PBXFileReference; lastKnownFileType = sourcecode.swift; path = Extensions.swift; sourceTree = "<group>"; };
		7BF033E02C478CBA00CF9821 /* Launch Screen.storyboard */ = {isa = PBXFileReference; lastKnownFileType = file.storyboard; path = "Launch Screen.storyboard"; sourceTree = "<group>"; };
/* End PBXFileReference section */

/* Begin PBXFrameworksBuildPhase section */
		7B1B7ED02C41B0F000ED31BD /* Frameworks */ = {
			isa = PBXFrameworksBuildPhase;
			buildActionMask = 2147483647;
			files = (
				7B1B7EE82C41B67000ED31BD /* FirebaseAuth in Frameworks */,
				7B1B7EEA2C41B67000ED31BD /* FirebaseFirestore in Frameworks */,
				7B1B7EEC2C41B67000ED31BD /* FirebaseFirestoreSwift in Frameworks */,
			);
			runOnlyForDeploymentPostprocessing = 0;
		};
/* End PBXFrameworksBuildPhase section */

/* Begin PBXGroup section */
		7B1B7ECA2C41B0F000ED31BD = {
			isa = PBXGroup;
			children = (
				7BF033E02C478CBA00CF9821 /* Launch Screen.storyboard */,
				7B1B7ED52C41B0F000ED31BD /* TodoList */,
				7B1B7ED42C41B0F000ED31BD /* Products */,
			);
			sourceTree = "<group>";
		};
		7B1B7ED42C41B0F000ED31BD /* Products */ = {
			isa = PBXGroup;
			children = (
				7B1B7ED32C41B0F000ED31BD /* TodoList.app */,
			);
			name = Products;
			sourceTree = "<group>";
		};
		7B1B7ED52C41B0F000ED31BD /* TodoList */ = {
			isa = PBXGroup;
			children = (
				7B1B7EF22C41B98400ED31BD /* Other */,
				7B1B7EF12C41B97B00ED31BD /* Models */,
				7B1B7EF02C41B93A00ED31BD /* ViewModels */,
				7B1B7EEF2C41B93000ED31BD /* Views */,
				7B1B7EDC2C41B0F100ED31BD /* Preview Content */,
			);
			path = TodoList;
			sourceTree = "<group>";
		};
		7B1B7EDC2C41B0F100ED31BD /* Preview Content */ = {
			isa = PBXGroup;
			children = (
				7B1B7EDD2C41B0F100ED31BD /* Preview Assets.xcassets */,
			);
			path = "Preview Content";
			sourceTree = "<group>";
		};
		7B1B7EEF2C41B93000ED31BD /* Views */ = {
			isa = PBXGroup;
			children = (
				7B1B7ED82C41B0F000ED31BD /* MainView.swift */,
				7B1B7EF82C41BAF300ED31BD /* ProfileView.swift */,
				7B1B7EFA2C41BB0C00ED31BD /* TodoListView.swift */,
				7B1B7F022C41BB8D00ED31BD /* TodoListItemView.swift */,
				7B1B7EFE2C41BB2600ED31BD /* LoginView.swift */,
				7B1B7F002C41BB3600ED31BD /* RegisterView.swift */,
				7B1B7EFC2C41BB1500ED31BD /* NewItemView.swift */,
				7B1B7F162C41BEEF00ED31BD /* HeaderView.swift */,
				7BB587C12C4240FA007F6EB7 /* TLButton.swift */,
			);
			path = Views;
			sourceTree = "<group>";
		};
		7B1B7EF02C41B93A00ED31BD /* ViewModels */ = {
			isa = PBXGroup;
			children = (
				7B1B7F082C41BC3500ED31BD /* MainViewViewModel.swift */,
				7B1B7F0A2C41BC3C00ED31BD /* ProfileViewViewModel.swift */,
				7B1B7F0C2C41BC4300ED31BD /* TodoListViewViewModel.swift */,
				7B1B7F0E2C41BC4A00ED31BD /* TodoListItemViewModel.swift */,
				7B1B7F102C41BC5500ED31BD /* LoginViewViewModel.swift */,
				7B1B7F122C41BC6400ED31BD /* RegisterViewViewModel.swift */,
				7B1B7F142C41BC7000ED31BD /* NewItemViewViewModel.swift */,
			);
			path = ViewModels;
			sourceTree = "<group>";
		};
		7B1B7EF12C41B97B00ED31BD /* Models */ = {
			isa = PBXGroup;
			children = (
				7B1B7F042C41BC0B00ED31BD /* User.swift */,
				7B1B7F062C41BC1400ED31BD /* TodoListItem.swift */,
			);
			path = Models;
			sourceTree = "<group>";
		};
		7B1B7EF22C41B98400ED31BD /* Other */ = {
			isa = PBXGroup;
			children = (
				7B1B7EF62C41B9E100ED31BD /* GoogleService-Info.plist */,
				7B1B7ED62C41B0F000ED31BD /* TodoListApp.swift */,
				7B1B7EDA2C41B0F100ED31BD /* Assets.xcassets */,
				7BB587C32C4315CC007F6EB7 /* Extensions.swift */,
			);
			path = Other;
			sourceTree = "<group>";
		};
/* End PBXGroup section */

/* Begin PBXNativeTarget section */
		7B1B7ED22C41B0F000ED31BD /* TodoList */ = {
			isa = PBXNativeTarget;
			buildConfigurationList = 7B1B7EE12C41B0F100ED31BD /* Build configuration list for PBXNativeTarget "TodoList" */;
			buildPhases = (
				7B1B7ECF2C41B0F000ED31BD /* Sources */,
				7B1B7ED02C41B0F000ED31BD /* Frameworks */,
				7B1B7ED12C41B0F000ED31BD /* Resources */,
			);
			buildRules = (
			);
			dependencies = (
			);
			name = TodoList;
			packageProductDependencies = (
				7B1B7EE72C41B67000ED31BD /* FirebaseAuth */,
				7B1B7EE92C41B67000ED31BD /* FirebaseFirestore */,
				7B1B7EEB2C41B67000ED31BD /* FirebaseFirestoreSwift */,
			);
			productName = TodoList;
			productReference = 7B1B7ED32C41B0F000ED31BD /* TodoList.app */;
			productType = "com.apple.product-type.application";
		};
/* End PBXNativeTarget section */

/* Begin PBXProject section */
		7B1B7ECB2C41B0F000ED31BD /* Project object */ = {
			isa = PBXProject;
			attributes = {
				BuildIndependentTargetsInParallel = 1;
				LastSwiftUpdateCheck = 1540;
				LastUpgradeCheck = 1540;
				TargetAttributes = {
					7B1B7ED22C41B0F000ED31BD = {
						CreatedOnToolsVersion = 15.4;
					};
				};
			};
			buildConfigurationList = 7B1B7ECE2C41B0F000ED31BD /* Build configuration list for PBXProject "TodoList" */;
			compatibilityVersion = "Xcode 14.0";
			developmentRegion = en;
			hasScannedForEncodings = 0;
			knownRegions = (
				en,
				Base,
			);
			mainGroup = 7B1B7ECA2C41B0F000ED31BD;
			packageReferences = (
				7B1B7EE62C41B67000ED31BD /* XCRemoteSwiftPackageReference "firebase-ios-sdk" */,
			);
			productRefGroup = 7B1B7ED42C41B0F000ED31BD /* Products */;
			projectDirPath = "";
			projectRoot = "";
			targets = (
				7B1B7ED22C41B0F000ED31BD /* TodoList */,
			);
		};
/* End PBXProject section */

/* Begin PBXResourcesBuildPhase section */
		7B1B7ED12C41B0F000ED31BD /* Resources */ = {
			isa = PBXResourcesBuildPhase;
			buildActionMask = 2147483647;
			files = (
				7B1B7EDE2C41B0F100ED31BD /* Preview Assets.xcassets in Resources */,
				7B1B7EDB2C41B0F100ED31BD /* Assets.xcassets in Resources */,
				7BF033E12C478CBA00CF9821 /* Launch Screen.storyboard in Resources */,
				7B1B7EF72C41B9E100ED31BD /* GoogleService-Info.plist in Resources */,
			);
			runOnlyForDeploymentPostprocessing = 0;
		};
/* End PBXResourcesBuildPhase section */

/* Begin PBXSourcesBuildPhase section */
		7B1B7ECF2C41B0F000ED31BD /* Sources */ = {
			isa = PBXSourcesBuildPhase;
			buildActionMask = 2147483647;
			files = (
				7B1B7F072C41BC1400ED31BD /* TodoListItem.swift in Sources */,
				7B1B7F172C41BEEF00ED31BD /* HeaderView.swift in Sources */,
				7B1B7F0F2C41BC4A00ED31BD /* TodoListItemViewModel.swift in Sources */,
				7B1B7EFF2C41BB2600ED31BD /* LoginView.swift in Sources */,
				7B1B7F132C41BC6400ED31BD /* RegisterViewViewModel.swift in Sources */,
				7B1B7F0D2C41BC4300ED31BD /* TodoListViewViewModel.swift in Sources */,
				7B1B7ED92C41B0F000ED31BD /* MainView.swift in Sources */,
				7BB587C22C4240FA007F6EB7 /* TLButton.swift in Sources */,
				7B1B7EFD2C41BB1500ED31BD /* NewItemView.swift in Sources */,
				7B1B7F012C41BB3600ED31BD /* RegisterView.swift in Sources */,
				7B1B7EF92C41BAF300ED31BD /* ProfileView.swift in Sources */,
				7B1B7F112C41BC5500ED31BD /* LoginViewViewModel.swift in Sources */,
				7B1B7F0B2C41BC3C00ED31BD /* ProfileViewViewModel.swift in Sources */,
				7B1B7F052C41BC0B00ED31BD /* User.swift in Sources */,
				7B1B7F152C41BC7000ED31BD /* NewItemViewViewModel.swift in Sources */,
				7BB587C42C4315CC007F6EB7 /* Extensions.swift in Sources */,
				7B1B7EFB2C41BB0C00ED31BD /* TodoListView.swift in Sources */,
				7B1B7F032C41BB8D00ED31BD /* TodoListItemView.swift in Sources */,
				7B1B7ED72C41B0F000ED31BD /* TodoListApp.swift in Sources */,
				7B1B7F092C41BC3500ED31BD /* MainViewViewModel.swift in Sources */,
			);
			runOnlyForDeploymentPostprocessing = 0;
		};
/* End PBXSourcesBuildPhase section */

/* Begin XCBuildConfiguration section */
		7B1B7EDF2C41B0F100ED31BD /* Debug */ = {
			isa = XCBuildConfiguration;
			buildSettings = {
				ALWAYS_SEARCH_USER_PATHS = NO;
				ASSETCATALOG_COMPILER_GENERATE_SWIFT_ASSET_SYMBOL_EXTENSIONS = YES;
				CLANG_ANALYZER_NONNULL = YES;
				CLANG_ANALYZER_NUMBER_OBJECT_CONVERSION = YES_AGGRESSIVE;
				CLANG_CXX_LANGUAGE_STANDARD = "gnu++20";
				CLANG_ENABLE_MODULES = YES;
				CLANG_ENABLE_OBJC_ARC = YES;
				CLANG_ENABLE_OBJC_WEAK = YES;
				CLANG_WARN_BLOCK_CAPTURE_AUTORELEASING = YES;
				CLANG_WARN_BOOL_CONVERSION = YES;
				CLANG_WARN_COMMA = YES;
				CLANG_WARN_CONSTANT_CONVERSION = YES;
				CLANG_WARN_DEPRECATED_OBJC_IMPLEMENTATIONS = YES;
				CLANG_WARN_DIRECT_OBJC_ISA_USAGE = YES_ERROR;
				CLANG_WARN_DOCUMENTATION_COMMENTS = YES;
				CLANG_WARN_EMPTY_BODY = YES;
				CLANG_WARN_ENUM_CONVERSION = YES;
				CLANG_WARN_INFINITE_RECURSION = YES;
				CLANG_WARN_INT_CONVERSION = YES;
				CLANG_WARN_NON_LITERAL_NULL_CONVERSION = YES;
				CLANG_WARN_OBJC_IMPLICIT_RETAIN_SELF = YES;
				CLANG_WARN_OBJC_LITERAL_CONVERSION = YES;
				CLANG_WARN_OBJC_ROOT_CLASS = YES_ERROR;
				CLANG_WARN_QUOTED_INCLUDE_IN_FRAMEWORK_HEADER = YES;
				CLANG_WARN_RANGE_LOOP_ANALYSIS = YES;
				CLANG_WARN_STRICT_PROTOTYPES = YES;
				CLANG_WARN_SUSPICIOUS_MOVE = YES;
				CLANG_WARN_UNGUARDED_AVAILABILITY = YES_AGGRESSIVE;
				CLANG_WARN_UNREACHABLE_CODE = YES;
				CLANG_WARN__DUPLICATE_METHOD_MATCH = YES;
				COPY_PHASE_STRIP = NO;
				DEBUG_INFORMATION_FORMAT = dwarf;
				ENABLE_STRICT_OBJC_MSGSEND = YES;
				ENABLE_TESTABILITY = YES;
				ENABLE_USER_SCRIPT_SANDBOXING = YES;
				GCC_C_LANGUAGE_STANDARD = gnu17;
				GCC_DYNAMIC_NO_PIC = NO;
				GCC_NO_COMMON_BLOCKS = YES;
				GCC_OPTIMIZATION_LEVEL = 0;
				GCC_PREPROCESSOR_DEFINITIONS = (
					"DEBUG=1",
					"$(inherited)",
				);
				GCC_WARN_64_TO_32_BIT_CONVERSION = YES;
				GCC_WARN_ABOUT_RETURN_TYPE = YES_ERROR;
				GCC_WARN_UNDECLARED_SELECTOR = YES;
				GCC_WARN_UNINITIALIZED_AUTOS = YES_AGGRESSIVE;
				GCC_WARN_UNUSED_FUNCTION = YES;
				GCC_WARN_UNUSED_VARIABLE = YES;
				IPHONEOS_DEPLOYMENT_TARGET = 17.5;
				LOCALIZATION_PREFERS_STRING_CATALOGS = YES;
				MTL_ENABLE_DEBUG_INFO = INCLUDE_SOURCE;
				MTL_FAST_MATH = YES;
				ONLY_ACTIVE_ARCH = YES;
				SDKROOT = iphoneos;
				SWIFT_ACTIVE_COMPILATION_CONDITIONS = "DEBUG $(inherited)";
				SWIFT_OPTIMIZATION_LEVEL = "-Onone";
			};
			name = Debug;
		};
		7B1B7EE02C41B0F100ED31BD /* Release */ = {
			isa = XCBuildConfiguration;
			buildSettings = {
				ALWAYS_SEARCH_USER_PATHS = NO;
				ASSETCATALOG_COMPILER_GENERATE_SWIFT_ASSET_SYMBOL_EXTENSIONS = YES;
				CLANG_ANALYZER_NONNULL = YES;
				CLANG_ANALYZER_NUMBER_OBJECT_CONVERSION = YES_AGGRESSIVE;
				CLANG_CXX_LANGUAGE_STANDARD = "gnu++20";
				CLANG_ENABLE_MODULES = YES;
				CLANG_ENABLE_OBJC_ARC = YES;
				CLANG_ENABLE_OBJC_WEAK = YES;
				CLANG_WARN_BLOCK_CAPTURE_AUTORELEASING = YES;
				CLANG_WARN_BOOL_CONVERSION = YES;
				CLANG_WARN_COMMA = YES;
				CLANG_WARN_CONSTANT_CONVERSION = YES;
				CLANG_WARN_DEPRECATED_OBJC_IMPLEMENTATIONS = YES;
				CLANG_WARN_DIRECT_OBJC_ISA_USAGE = YES_ERROR;
				CLANG_WARN_DOCUMENTATION_COMMENTS = YES;
				CLANG_WARN_EMPTY_BODY = YES;
				CLANG_WARN_ENUM_CONVERSION = YES;
				CLANG_WARN_INFINITE_RECURSION = YES;
				CLANG_WARN_INT_CONVERSION = YES;
				CLANG_WARN_NON_LITERAL_NULL_CONVERSION = YES;
				CLANG_WARN_OBJC_IMPLICIT_RETAIN_SELF = YES;
				CLANG_WARN_OBJC_LITERAL_CONVERSION = YES;
				CLANG_WARN_OBJC_ROOT_CLASS = YES_ERROR;
				CLANG_WARN_QUOTED_INCLUDE_IN_FRAMEWORK_HEADER = YES;
				CLANG_WARN_RANGE_LOOP_ANALYSIS = YES;
				CLANG_WARN_STRICT_PROTOTYPES = YES;
				CLANG_WARN_SUSPICIOUS_MOVE = YES;
				CLANG_WARN_UNGUARDED_AVAILABILITY = YES_AGGRESSIVE;
				CLANG_WARN_UNREACHABLE_CODE = YES;
				CLANG_WARN__DUPLICATE_METHOD_MATCH = YES;
				COPY_PHASE_STRIP = NO;
				DEBUG_INFORMATION_FORMAT = "dwarf-with-dsym";
				ENABLE_NS_ASSERTIONS = NO;
				ENABLE_STRICT_OBJC_MSGSEND = YES;
				ENABLE_USER_SCRIPT_SANDBOXING = YES;
				GCC_C_LANGUAGE_STANDARD = gnu17;
				GCC_NO_COMMON_BLOCKS = YES;
				GCC_WARN_64_TO_32_BIT_CONVERSION = YES;
				GCC_WARN_ABOUT_RETURN_TYPE = YES_ERROR;
				GCC_WARN_UNDECLARED_SELECTOR = YES;
				GCC_WARN_UNINITIALIZED_AUTOS = YES_AGGRESSIVE;
				GCC_WARN_UNUSED_FUNCTION = YES;
				GCC_WARN_UNUSED_VARIABLE = YES;
				IPHONEOS_DEPLOYMENT_TARGET = 17.5;
				LOCALIZATION_PREFERS_STRING_CATALOGS = YES;
				MTL_ENABLE_DEBUG_INFO = NO;
				MTL_FAST_MATH = YES;
				SDKROOT = iphoneos;
				SWIFT_COMPILATION_MODE = wholemodule;
				VALIDATE_PRODUCT = YES;
			};
			name = Release;
		};
		7B1B7EE22C41B0F100ED31BD /* Debug */ = {
			isa = XCBuildConfiguration;
			buildSettings = {
				ASSETCATALOG_COMPILER_APPICON_NAME = AppIcon;
				ASSETCATALOG_COMPILER_GLOBAL_ACCENT_COLOR_NAME = AccentColor;
				CODE_SIGN_STYLE = Automatic;
				CURRENT_PROJECT_VERSION = 1;
				DEVELOPMENT_ASSET_PATHS = "\"TodoList/Preview Content\"";
				ENABLE_PREVIEWS = YES;
				GENERATE_INFOPLIST_FILE = YES;
				INFOPLIST_KEY_CFBundleDisplayName = "Todo List";
				INFOPLIST_KEY_UIApplicationSceneManifest_Generation = YES;
				INFOPLIST_KEY_UIApplicationSupportsIndirectInputEvents = YES;
				INFOPLIST_KEY_UILaunchScreen_Generation = YES;
				INFOPLIST_KEY_UILaunchStoryboardName = "Launch Screen.storyboard";
				INFOPLIST_KEY_UISupportedInterfaceOrientations = UIInterfaceOrientationPortrait;
				LD_RUNPATH_SEARCH_PATHS = (
					"$(inherited)",
					"@executable_path/Frameworks",
				);
				MARKETING_VERSION = 1.0;
				PRODUCT_BUNDLE_IDENTIFIER = example.TodoList;
				PRODUCT_NAME = "$(TARGET_NAME)";
				SWIFT_EMIT_LOC_STRINGS = YES;
				SWIFT_VERSION = 5.0;
				TARGETED_DEVICE_FAMILY = "1,2";
			};
			name = Debug;
		};
		7B1B7EE32C41B0F100ED31BD /* Release */ = {
			isa = XCBuildConfiguration;
			buildSettings = {
				ASSETCATALOG_COMPILER_APPICON_NAME = AppIcon;
				ASSETCATALOG_COMPILER_GLOBAL_ACCENT_COLOR_NAME = AccentColor;
				CODE_SIGN_STYLE = Automatic;
				CURRENT_PROJECT_VERSION = 1;
				DEVELOPMENT_ASSET_PATHS = "\"TodoList/Preview Content\"";
				ENABLE_PREVIEWS = YES;
				GENERATE_INFOPLIST_FILE = YES;
				INFOPLIST_KEY_CFBundleDisplayName = "Todo List";
				INFOPLIST_KEY_UIApplicationSceneManifest_Generation = YES;
				INFOPLIST_KEY_UIApplicationSupportsIndirectInputEvents = YES;
				INFOPLIST_KEY_UILaunchScreen_Generation = YES;
				INFOPLIST_KEY_UILaunchStoryboardName = "Launch Screen.storyboard";
				INFOPLIST_KEY_UISupportedInterfaceOrientations = UIInterfaceOrientationPortrait;
				LD_RUNPATH_SEARCH_PATHS = (
					"$(inherited)",
					"@executable_path/Frameworks",
				);
				MARKETING_VERSION = 1.0;
				PRODUCT_BUNDLE_IDENTIFIER = example.TodoList;
				PRODUCT_NAME = "$(TARGET_NAME)";
				SWIFT_EMIT_LOC_STRINGS = YES;
				SWIFT_VERSION = 5.0;
				TARGETED_DEVICE_FAMILY = "1,2";
			};
			name = Release;
		};
/* End XCBuildConfiguration section */

/* Begin XCConfigurationList section */
		7B1B7ECE2C41B0F000ED31BD /* Build configuration list for PBXProject "TodoList" */ = {
			isa = XCConfigurationList;
			buildConfigurations = (
				7B1B7EDF2C41B0F100ED31BD /* Debug */,
				7B1B7EE02C41B0F100ED31BD /* Release */,
			);
			defaultConfigurationIsVisible = 0;
			defaultConfigurationName = Release;
		};
		7B1B7EE12C41B0F100ED31BD /* Build configuration list for PBXNativeTarget "TodoList" */ = {
			isa = XCConfigurationList;
			buildConfigurations = (
				7B1B7EE22C41B0F100ED31BD /* Debug */,
				7B1B7EE32C41B0F100ED31BD /* Release */,
			);
			defaultConfigurationIsVisible = 0;
			defaultConfigurationName = Release;
		};
/* End XCConfigurationList section */

/* Begin XCRemoteSwiftPackageReference section */
		7B1B7EE62C41B67000ED31BD /* XCRemoteSwiftPackageReference "firebase-ios-sdk" */ = {
			isa = XCRemoteSwiftPackageReference;
			repositoryURL = "https://github.com/firebase/firebase-ios-sdk";
			requirement = {
				kind = upToNextMajorVersion;
				minimumVersion = 10.29.0;
			};
		};
/* End XCRemoteSwiftPackageReference section */

/* Begin XCSwiftPackageProductDependency section */
		7B1B7EE72C41B67000ED31BD /* FirebaseAuth */ = {
			isa = XCSwiftPackageProductDependency;
			package = 7B1B7EE62C41B67000ED31BD /* XCRemoteSwiftPackageReference "firebase-ios-sdk" */;
			productName = FirebaseAuth;
		};
		7B1B7EE92C41B67000ED31BD /* FirebaseFirestore */ = {
			isa = XCSwiftPackageProductDependency;
			package = 7B1B7EE62C41B67000ED31BD /* XCRemoteSwiftPackageReference "firebase-ios-sdk" */;
			productName = FirebaseFirestore;
		};
		7B1B7EEB2C41B67000ED31BD /* FirebaseFirestoreSwift */ = {
			isa = XCSwiftPackageProductDependency;
			package = 7B1B7EE62C41B67000ED31BD /* XCRemoteSwiftPackageReference "firebase-ios-sdk" */;
			productName = FirebaseFirestoreSwift;
		};
/* End XCSwiftPackageProductDependency section */
	};
	rootObject = 7B1B7ECB2C41B0F000ED31BD /* Project object */;
}
